// !$*UTF8*$!
{
	archiveVersion = 1;
	classes = {
	};
	objectVersion = 50;
	objects = {

/* Begin PBXBuildFile section */
		311BD36F26490845003EFA9B /* MapView.swift in Sources */ = {isa = PBXBuildFile; fileRef = 311BD36E26490845003EFA9B /* MapView.swift */; };
		311BD37126490AC0003EFA9B /* CurrentWeatherView.swift in Sources */ = {isa = PBXBuildFile; fileRef = 311BD37026490AC0003EFA9B /* CurrentWeatherView.swift */; };
		311BD37326490AD0003EFA9B /* CurrentWeatherViewModel.swift in Sources */ = {isa = PBXBuildFile; fileRef = 311BD37226490AD0003EFA9B /* CurrentWeatherViewModel.swift */; };
		311BD37526490C9C003EFA9B /* CurrentWeatherViewRowViewModel.swift in Sources */ = {isa = PBXBuildFile; fileRef = 311BD37426490C9C003EFA9B /* CurrentWeatherViewRowViewModel.swift */; };
		311BD3792649129F003EFA9B /* CurrentWeatherViewRow.swift in Sources */ = {isa = PBXBuildFile; fileRef = 311BD3782649129F003EFA9B /* CurrentWeatherViewRow.swift */; };
		311BD37C264918FB003EFA9B /* NavigationDestinationBuilder.swift in Sources */ = {isa = PBXBuildFile; fileRef = 311BD37B264918FB003EFA9B /* NavigationDestinationBuilder.swift */; };
		31AEFF632647A0070054EEC5 /* WeatherForecastApp.swift in Sources */ = {isa = PBXBuildFile; fileRef = 31AEFF622647A0070054EEC5 /* WeatherForecastApp.swift */; };
		31AEFF652647A0070054EEC5 /* WeeklyWeatherView.swift in Sources */ = {isa = PBXBuildFile; fileRef = 31AEFF642647A0070054EEC5 /* WeeklyWeatherView.swift */; };
		31AEFF672647A00B0054EEC5 /* Assets.xcassets in Resources */ = {isa = PBXBuildFile; fileRef = 31AEFF662647A00B0054EEC5 /* Assets.xcassets */; };
		31AEFF6A2647A00B0054EEC5 /* Preview Assets.xcassets in Resources */ = {isa = PBXBuildFile; fileRef = 31AEFF692647A00B0054EEC5 /* Preview Assets.xcassets */; };
		31AEFF752647A00B0054EEC5 /* WeatherForecastTests.swift in Sources */ = {isa = PBXBuildFile; fileRef = 31AEFF742647A00B0054EEC5 /* WeatherForecastTests.swift */; };
		31AEFF802647A00B0054EEC5 /* WeatherForecastUITests.swift in Sources */ = {isa = PBXBuildFile; fileRef = 31AEFF7F2647A00B0054EEC5 /* WeatherForecastUITests.swift */; };
		31AEFF932647A9130054EEC5 /* APIResponse.swift in Sources */ = {isa = PBXBuildFile; fileRef = 31AEFF922647A9130054EEC5 /* APIResponse.swift */; };
		31AEFF962647A9790054EEC5 /* Array+Extension.swift in Sources */ = {isa = PBXBuildFile; fileRef = 31AEFF952647A9790054EEC5 /* Array+Extension.swift */; };
		31AEFF9A2647ADF40054EEC5 /* WeatherFetcher.swift in Sources */ = {isa = PBXBuildFile; fileRef = 31AEFF992647ADF40054EEC5 /* WeatherFetcher.swift */; };
		31AEFF9C2647B21C0054EEC5 /* WeatherFetchError.swift in Sources */ = {isa = PBXBuildFile; fileRef = 31AEFF9B2647B21C0054EEC5 /* WeatherFetchError.swift */; };
		31AEFF9E2647BC460054EEC5 /* WeeklyWeatherViewModel.swift in Sources */ = {isa = PBXBuildFile; fileRef = 31AEFF9D2647BC460054EEC5 /* WeeklyWeatherViewModel.swift */; };
		31AEFFA02647BEBE0054EEC5 /* WeatherViewListRowModel.swift in Sources */ = {isa = PBXBuildFile; fileRef = 31AEFF9F2647BEBE0054EEC5 /* WeatherViewListRowModel.swift */; };
		31AEFFA42647C3320054EEC5 /* DateFormatter.swift in Sources */ = {isa = PBXBuildFile; fileRef = 31AEFFA32647C3320054EEC5 /* DateFormatter.swift */; };
		31AEFFA62647D25D0054EEC5 /* WeeklyWeatherListRowView.swift in Sources */ = {isa = PBXBuildFile; fileRef = 31AEFFA52647D25D0054EEC5 /* WeeklyWeatherListRowView.swift */; };
		31AEFFAC264810720054EEC5 /* APIKey.swift in Sources */ = {isa = PBXBuildFile; fileRef = 31AEFFAB264810720054EEC5 /* APIKey.swift */; };
/* End PBXBuildFile section */

/* Begin PBXContainerItemProxy section */
		31AEFF712647A00B0054EEC5 /* PBXContainerItemProxy */ = {
			isa = PBXContainerItemProxy;
			containerPortal = 31AEFF572647A0070054EEC5 /* Project object */;
			proxyType = 1;
			remoteGlobalIDString = 31AEFF5E2647A0070054EEC5;
			remoteInfo = WeatherForecast;
		};
		31AEFF7C2647A00B0054EEC5 /* PBXContainerItemProxy */ = {
			isa = PBXContainerItemProxy;
			containerPortal = 31AEFF572647A0070054EEC5 /* Project object */;
			proxyType = 1;
			remoteGlobalIDString = 31AEFF5E2647A0070054EEC5;
			remoteInfo = WeatherForecast;
		};
/* End PBXContainerItemProxy section */

/* Begin PBXFileReference section */
		311BD36E26490845003EFA9B /* MapView.swift */ = {isa = PBXFileReference; lastKnownFileType = sourcecode.swift; path = MapView.swift; sourceTree = "<group>"; };
		311BD37026490AC0003EFA9B /* CurrentWeatherView.swift */ = {isa = PBXFileReference; lastKnownFileType = sourcecode.swift; path = CurrentWeatherView.swift; sourceTree = "<group>"; };
		311BD37226490AD0003EFA9B /* CurrentWeatherViewModel.swift */ = {isa = PBXFileReference; lastKnownFileType = sourcecode.swift; path = CurrentWeatherViewModel.swift; sourceTree = "<group>"; };
		311BD37426490C9C003EFA9B /* CurrentWeatherViewRowViewModel.swift */ = {isa = PBXFileReference; lastKnownFileType = sourcecode.swift; path = CurrentWeatherViewRowViewModel.swift; sourceTree = "<group>"; };
		311BD3782649129F003EFA9B /* CurrentWeatherViewRow.swift */ = {isa = PBXFileReference; lastKnownFileType = sourcecode.swift; path = CurrentWeatherViewRow.swift; sourceTree = "<group>"; };
		311BD37B264918FB003EFA9B /* NavigationDestinationBuilder.swift */ = {isa = PBXFileReference; lastKnownFileType = sourcecode.swift; path = NavigationDestinationBuilder.swift; sourceTree = "<group>"; };
		31AEFF5F2647A0070054EEC5 /* WeatherForecast.app */ = {isa = PBXFileReference; explicitFileType = wrapper.application; includeInIndex = 0; path = WeatherForecast.app; sourceTree = BUILT_PRODUCTS_DIR; };
		31AEFF622647A0070054EEC5 /* WeatherForecastApp.swift */ = {isa = PBXFileReference; lastKnownFileType = sourcecode.swift; path = WeatherForecastApp.swift; sourceTree = "<group>"; };
		31AEFF642647A0070054EEC5 /* WeeklyWeatherView.swift */ = {isa = PBXFileReference; lastKnownFileType = sourcecode.swift; path = WeeklyWeatherView.swift; sourceTree = "<group>"; };
		31AEFF662647A00B0054EEC5 /* Assets.xcassets */ = {isa = PBXFileReference; lastKnownFileType = folder.assetcatalog; path = Assets.xcassets; sourceTree = "<group>"; };
		31AEFF692647A00B0054EEC5 /* Preview Assets.xcassets */ = {isa = PBXFileReference; lastKnownFileType = folder.assetcatalog; path = "Preview Assets.xcassets"; sourceTree = "<group>"; };
		31AEFF6B2647A00B0054EEC5 /* Info.plist */ = {isa = PBXFileReference; lastKnownFileType = text.plist.xml; path = Info.plist; sourceTree = "<group>"; };
		31AEFF702647A00B0054EEC5 /* WeatherForecastTests.xctest */ = {isa = PBXFileReference; explicitFileType = wrapper.cfbundle; includeInIndex = 0; path = WeatherForecastTests.xctest; sourceTree = BUILT_PRODUCTS_DIR; };
		31AEFF742647A00B0054EEC5 /* WeatherForecastTests.swift */ = {isa = PBXFileReference; lastKnownFileType = sourcecode.swift; path = WeatherForecastTests.swift; sourceTree = "<group>"; };
		31AEFF762647A00B0054EEC5 /* Info.plist */ = {isa = PBXFileReference; lastKnownFileType = text.plist.xml; path = Info.plist; sourceTree = "<group>"; };
		31AEFF7B2647A00B0054EEC5 /* WeatherForecastUITests.xctest */ = {isa = PBXFileReference; explicitFileType = wrapper.cfbundle; includeInIndex = 0; path = WeatherForecastUITests.xctest; sourceTree = BUILT_PRODUCTS_DIR; };
		31AEFF7F2647A00B0054EEC5 /* WeatherForecastUITests.swift */ = {isa = PBXFileReference; lastKnownFileType = sourcecode.swift; path = WeatherForecastUITests.swift; sourceTree = "<group>"; };
		31AEFF812647A00B0054EEC5 /* Info.plist */ = {isa = PBXFileReference; lastKnownFileType = text.plist.xml; path = Info.plist; sourceTree = "<group>"; };
		31AEFF922647A9130054EEC5 /* APIResponse.swift */ = {isa = PBXFileReference; lastKnownFileType = sourcecode.swift; path = APIResponse.swift; sourceTree = "<group>"; };
		31AEFF952647A9790054EEC5 /* Array+Extension.swift */ = {isa = PBXFileReference; lastKnownFileType = sourcecode.swift; path = "Array+Extension.swift"; sourceTree = "<group>"; };
		31AEFF992647ADF40054EEC5 /* WeatherFetcher.swift */ = {isa = PBXFileReference; lastKnownFileType = sourcecode.swift; path = WeatherFetcher.swift; sourceTree = "<group>"; };
		31AEFF9B2647B21C0054EEC5 /* WeatherFetchError.swift */ = {isa = PBXFileReference; lastKnownFileType = sourcecode.swift; path = WeatherFetchError.swift; sourceTree = "<group>"; };
		31AEFF9D2647BC460054EEC5 /* WeeklyWeatherViewModel.swift */ = {isa = PBXFileReference; lastKnownFileType = sourcecode.swift; path = WeeklyWeatherViewModel.swift; sourceTree = "<group>"; };
		31AEFF9F2647BEBE0054EEC5 /* WeatherViewListRowModel.swift */ = {isa = PBXFileReference; lastKnownFileType = sourcecode.swift; path = WeatherViewListRowModel.swift; sourceTree = "<group>"; };
		31AEFFA32647C3320054EEC5 /* DateFormatter.swift */ = {isa = PBXFileReference; lastKnownFileType = sourcecode.swift; path = DateFormatter.swift; sourceTree = "<group>"; };
		31AEFFA52647D25D0054EEC5 /* WeeklyWeatherListRowView.swift */ = {isa = PBXFileReference; lastKnownFileType = sourcecode.swift; path = WeeklyWeatherListRowView.swift; sourceTree = "<group>"; };
		31AEFFAB264810720054EEC5 /* APIKey.swift */ = {isa = PBXFileReference; lastKnownFileType = sourcecode.swift; path = APIKey.swift; sourceTree = "<group>"; };
/* End PBXFileReference section */

/* Begin PBXFrameworksBuildPhase section */
		31AEFF5C2647A0070054EEC5 /* Frameworks */ = {
			isa = PBXFrameworksBuildPhase;
			buildActionMask = 2147483647;
			files = (
			);
			runOnlyForDeploymentPostprocessing = 0;
		};
		31AEFF6D2647A00B0054EEC5 /* Frameworks */ = {
			isa = PBXFrameworksBuildPhase;
			buildActionMask = 2147483647;
			files = (
			);
			runOnlyForDeploymentPostprocessing = 0;
		};
		31AEFF782647A00B0054EEC5 /* Frameworks */ = {
			isa = PBXFrameworksBuildPhase;
			buildActionMask = 2147483647;
			files = (
			);
			runOnlyForDeploymentPostprocessing = 0;
		};
/* End PBXFrameworksBuildPhase section */

/* Begin PBXGroup section */
		311BD37A26491886003EFA9B /* Navigation */ = {
			isa = PBXGroup;
			children = (
				311BD37B264918FB003EFA9B /* NavigationDestinationBuilder.swift */,
			);
			path = Navigation;
			sourceTree = "<group>";
		};
		31AEFF562647A0070054EEC5 = {
			isa = PBXGroup;
			children = (
				31AEFF612647A0070054EEC5 /* WeatherForecast */,
				31AEFF732647A00B0054EEC5 /* WeatherForecastTests */,
				31AEFF7E2647A00B0054EEC5 /* WeatherForecastUITests */,
				31AEFF602647A0070054EEC5 /* Products */,
			);
			sourceTree = "<group>";
		};
		31AEFF602647A0070054EEC5 /* Products */ = {
			isa = PBXGroup;
			children = (
				31AEFF5F2647A0070054EEC5 /* WeatherForecast.app */,
				31AEFF702647A00B0054EEC5 /* WeatherForecastTests.xctest */,
				31AEFF7B2647A00B0054EEC5 /* WeatherForecastUITests.xctest */,
			);
			name = Products;
			sourceTree = "<group>";
		};
		31AEFF612647A0070054EEC5 /* WeatherForecast */ = {
			isa = PBXGroup;
			children = (
				31AEFFA12647C31D0054EEC5 /* Utils */,
				31AEFF912647A8E90054EEC5 /* Support */,
				31AEFF902647A8AF0054EEC5 /* View Model */,
				31AEFF8F2647A8AC0054EEC5 /* View */,
				31AEFF8D2647A89E0054EEC5 /* Model */,
				31AEFF682647A00B0054EEC5 /* Preview Content */,
			);
			path = WeatherForecast;
			sourceTree = "<group>";
		};
		31AEFF682647A00B0054EEC5 /* Preview Content */ = {
			isa = PBXGroup;
			children = (
				31AEFF692647A00B0054EEC5 /* Preview Assets.xcassets */,
			);
			path = "Preview Content";
			sourceTree = "<group>";
		};
		31AEFF732647A00B0054EEC5 /* WeatherForecastTests */ = {
			isa = PBXGroup;
			children = (
				31AEFF742647A00B0054EEC5 /* WeatherForecastTests.swift */,
				31AEFF762647A00B0054EEC5 /* Info.plist */,
			);
			path = WeatherForecastTests;
			sourceTree = "<group>";
		};
		31AEFF7E2647A00B0054EEC5 /* WeatherForecastUITests */ = {
			isa = PBXGroup;
			children = (
				31AEFF7F2647A00B0054EEC5 /* WeatherForecastUITests.swift */,
				31AEFF812647A00B0054EEC5 /* Info.plist */,
			);
			path = WeatherForecastUITests;
			sourceTree = "<group>";
		};
		31AEFF8D2647A89E0054EEC5 /* Model */ = {
			isa = PBXGroup;
			children = (
				311BD37A26491886003EFA9B /* Navigation */,
				31AEFF972647AAB60054EEC5 /* WeatherFetcher */,
				31AEFF8E2647A8A20054EEC5 /* API */,
			);
			path = Model;
			sourceTree = "<group>";
		};
		31AEFF8E2647A8A20054EEC5 /* API */ = {
			isa = PBXGroup;
			children = (
				31AEFF922647A9130054EEC5 /* APIResponse.swift */,
			);
			path = API;
			sourceTree = "<group>";
		};
		31AEFF8F2647A8AC0054EEC5 /* View */ = {
			isa = PBXGroup;
			children = (
				31AEFF642647A0070054EEC5 /* WeeklyWeatherView.swift */,
				31AEFFA52647D25D0054EEC5 /* WeeklyWeatherListRowView.swift */,
				311BD37026490AC0003EFA9B /* CurrentWeatherView.swift */,
				311BD3782649129F003EFA9B /* CurrentWeatherViewRow.swift */,
			);
			path = View;
			sourceTree = "<group>";
		};
		31AEFF902647A8AF0054EEC5 /* View Model */ = {
			isa = PBXGroup;
			children = (
				31AEFF9D2647BC460054EEC5 /* WeeklyWeatherViewModel.swift */,
				31AEFF9F2647BEBE0054EEC5 /* WeatherViewListRowModel.swift */,
				311BD37226490AD0003EFA9B /* CurrentWeatherViewModel.swift */,
				311BD37426490C9C003EFA9B /* CurrentWeatherViewRowViewModel.swift */,
			);
			path = "View Model";
			sourceTree = "<group>";
		};
		31AEFF912647A8E90054EEC5 /* Support */ = {
			isa = PBXGroup;
			children = (
				31AEFF622647A0070054EEC5 /* WeatherForecastApp.swift */,
				31AEFF662647A00B0054EEC5 /* Assets.xcassets */,
				31AEFF6B2647A00B0054EEC5 /* Info.plist */,
			);
			path = Support;
			sourceTree = "<group>";
		};
		31AEFF942647A9660054EEC5 /* Array+Extension */ = {
			isa = PBXGroup;
			children = (
				31AEFF952647A9790054EEC5 /* Array+Extension.swift */,
			);
			path = "Array+Extension";
			sourceTree = "<group>";
		};
		31AEFF972647AAB60054EEC5 /* WeatherFetcher */ = {
			isa = PBXGroup;
			children = (
				31AEFF992647ADF40054EEC5 /* WeatherFetcher.swift */,
				31AEFF9B2647B21C0054EEC5 /* WeatherFetchError.swift */,
			);
			path = WeatherFetcher;
			sourceTree = "<group>";
		};
		31AEFFA12647C31D0054EEC5 /* Utils */ = {
			isa = PBXGroup;
			children = (
				31AEFFAD2648294A0054EEC5 /* MapKit */,
				31AEFFA726480F350054EEC5 /* Secret */,
				31AEFFA22647C3250054EEC5 /* Formatter */,
				31AEFF942647A9660054EEC5 /* Array+Extension */,
			);
			path = Utils;
			sourceTree = "<group>";
		};
		31AEFFA22647C3250054EEC5 /* Formatter */ = {
			isa = PBXGroup;
			children = (
				31AEFFA32647C3320054EEC5 /* DateFormatter.swift */,
			);
			path = Formatter;
			sourceTree = "<group>";
		};
		31AEFFA726480F350054EEC5 /* Secret */ = {
			isa = PBXGroup;
			children = (
				31AEFFAB264810720054EEC5 /* APIKey.swift */,
			);
			path = Secret;
			sourceTree = "<group>";
		};
		31AEFFAD2648294A0054EEC5 /* MapKit */ = {
			isa = PBXGroup;
			children = (
				311BD36E26490845003EFA9B /* MapView.swift */,
			);
			path = MapKit;
			sourceTree = "<group>";
		};
/* End PBXGroup section */

/* Begin PBXNativeTarget section */
		31AEFF5E2647A0070054EEC5 /* WeatherForecast */ = {
			isa = PBXNativeTarget;
			buildConfigurationList = 31AEFF842647A00B0054EEC5 /* Build configuration list for PBXNativeTarget "WeatherForecast" */;
			buildPhases = (
				31AEFF5B2647A0070054EEC5 /* Sources */,
				31AEFF5C2647A0070054EEC5 /* Frameworks */,
				31AEFF5D2647A0070054EEC5 /* Resources */,
			);
			buildRules = (
			);
			dependencies = (
			);
			name = WeatherForecast;
			productName = WeatherForecast;
			productReference = 31AEFF5F2647A0070054EEC5 /* WeatherForecast.app */;
			productType = "com.apple.product-type.application";
		};
		31AEFF6F2647A00B0054EEC5 /* WeatherForecastTests */ = {
			isa = PBXNativeTarget;
			buildConfigurationList = 31AEFF872647A00B0054EEC5 /* Build configuration list for PBXNativeTarget "WeatherForecastTests" */;
			buildPhases = (
				31AEFF6C2647A00B0054EEC5 /* Sources */,
				31AEFF6D2647A00B0054EEC5 /* Frameworks */,
				31AEFF6E2647A00B0054EEC5 /* Resources */,
			);
			buildRules = (
			);
			dependencies = (
				31AEFF722647A00B0054EEC5 /* PBXTargetDependency */,
			);
			name = WeatherForecastTests;
			productName = WeatherForecastTests;
			productReference = 31AEFF702647A00B0054EEC5 /* WeatherForecastTests.xctest */;
			productType = "com.apple.product-type.bundle.unit-test";
		};
		31AEFF7A2647A00B0054EEC5 /* WeatherForecastUITests */ = {
			isa = PBXNativeTarget;
			buildConfigurationList = 31AEFF8A2647A00B0054EEC5 /* Build configuration list for PBXNativeTarget "WeatherForecastUITests" */;
			buildPhases = (
				31AEFF772647A00B0054EEC5 /* Sources */,
				31AEFF782647A00B0054EEC5 /* Frameworks */,
				31AEFF792647A00B0054EEC5 /* Resources */,
			);
			buildRules = (
			);
			dependencies = (
				31AEFF7D2647A00B0054EEC5 /* PBXTargetDependency */,
			);
			name = WeatherForecastUITests;
			productName = WeatherForecastUITests;
			productReference = 31AEFF7B2647A00B0054EEC5 /* WeatherForecastUITests.xctest */;
			productType = "com.apple.product-type.bundle.ui-testing";
		};
/* End PBXNativeTarget section */

/* Begin PBXProject section */
		31AEFF572647A0070054EEC5 /* Project object */ = {
			isa = PBXProject;
			attributes = {
				LastSwiftUpdateCheck = 1250;
				LastUpgradeCheck = 1250;
				TargetAttributes = {
					31AEFF5E2647A0070054EEC5 = {
						CreatedOnToolsVersion = 12.5;
					};
					31AEFF6F2647A00B0054EEC5 = {
						CreatedOnToolsVersion = 12.5;
						TestTargetID = 31AEFF5E2647A0070054EEC5;
					};
					31AEFF7A2647A00B0054EEC5 = {
						CreatedOnToolsVersion = 12.5;
						TestTargetID = 31AEFF5E2647A0070054EEC5;
					};
				};
			};
			buildConfigurationList = 31AEFF5A2647A0070054EEC5 /* Build configuration list for PBXProject "WeatherForecast" */;
			compatibilityVersion = "Xcode 9.3";
			developmentRegion = en;
			hasScannedForEncodings = 0;
			knownRegions = (
				en,
				Base,
			);
			mainGroup = 31AEFF562647A0070054EEC5;
			productRefGroup = 31AEFF602647A0070054EEC5 /* Products */;
			projectDirPath = "";
			projectRoot = "";
			targets = (
				31AEFF5E2647A0070054EEC5 /* WeatherForecast */,
				31AEFF6F2647A00B0054EEC5 /* WeatherForecastTests */,
				31AEFF7A2647A00B0054EEC5 /* WeatherForecastUITests */,
			);
		};
/* End PBXProject section */

/* Begin PBXResourcesBuildPhase section */
		31AEFF5D2647A0070054EEC5 /* Resources */ = {
			isa = PBXResourcesBuildPhase;
			buildActionMask = 2147483647;
			files = (
				31AEFF6A2647A00B0054EEC5 /* Preview Assets.xcassets in Resources */,
				31AEFF672647A00B0054EEC5 /* Assets.xcassets in Resources */,
			);
			runOnlyForDeploymentPostprocessing = 0;
		};
		31AEFF6E2647A00B0054EEC5 /* Resources */ = {
			isa = PBXResourcesBuildPhase;
			buildActionMask = 2147483647;
			files = (
			);
			runOnlyForDeploymentPostprocessing = 0;
		};
		31AEFF792647A00B0054EEC5 /* Resources */ = {
			isa = PBXResourcesBuildPhase;
			buildActionMask = 2147483647;
			files = (
			);
			runOnlyForDeploymentPostprocessing = 0;
		};
/* End PBXResourcesBuildPhase section */

/* Begin PBXSourcesBuildPhase section */
		31AEFF5B2647A0070054EEC5 /* Sources */ = {
			isa = PBXSourcesBuildPhase;
			buildActionMask = 2147483647;
			files = (
				31AEFFA42647C3320054EEC5 /* DateFormatter.swift in Sources */,
				311BD36F26490845003EFA9B /* MapView.swift in Sources */,
				31AEFFA02647BEBE0054EEC5 /* WeatherViewListRowModel.swift in Sources */,
				311BD37526490C9C003EFA9B /* CurrentWeatherViewRowViewModel.swift in Sources */,
				311BD37C264918FB003EFA9B /* NavigationDestinationBuilder.swift in Sources */,
				31AEFF652647A0070054EEC5 /* WeeklyWeatherView.swift in Sources */,
				31AEFF9A2647ADF40054EEC5 /* WeatherFetcher.swift in Sources */,
				31AEFF9C2647B21C0054EEC5 /* WeatherFetchError.swift in Sources */,
				31AEFF9E2647BC460054EEC5 /* WeeklyWeatherViewModel.swift in Sources */,
				31AEFFAC264810720054EEC5 /* APIKey.swift in Sources */,
				311BD37126490AC0003EFA9B /* CurrentWeatherView.swift in Sources */,
				31AEFF632647A0070054EEC5 /* WeatherForecastApp.swift in Sources */,
				31AEFF932647A9130054EEC5 /* APIResponse.swift in Sources */,
				311BD3792649129F003EFA9B /* CurrentWeatherViewRow.swift in Sources */,
				31AEFFA62647D25D0054EEC5 /* WeeklyWeatherListRowView.swift in Sources */,
				31AEFF962647A9790054EEC5 /* Array+Extension.swift in Sources */,
				311BD37326490AD0003EFA9B /* CurrentWeatherViewModel.swift in Sources */,
			);
			runOnlyForDeploymentPostprocessing = 0;
		};
		31AEFF6C2647A00B0054EEC5 /* Sources */ = {
			isa = PBXSourcesBuildPhase;
			buildActionMask = 2147483647;
			files = (
				31AEFF752647A00B0054EEC5 /* WeatherForecastTests.swift in Sources */,
			);
			runOnlyForDeploymentPostprocessing = 0;
		};
		31AEFF772647A00B0054EEC5 /* Sources */ = {
			isa = PBXSourcesBuildPhase;
			buildActionMask = 2147483647;
			files = (
				31AEFF802647A00B0054EEC5 /* WeatherForecastUITests.swift in Sources */,
			);
			runOnlyForDeploymentPostprocessing = 0;
		};
/* End PBXSourcesBuildPhase section */

/* Begin PBXTargetDependency section */
		31AEFF722647A00B0054EEC5 /* PBXTargetDependency */ = {
			isa = PBXTargetDependency;
			target = 31AEFF5E2647A0070054EEC5 /* WeatherForecast */;
			targetProxy = 31AEFF712647A00B0054EEC5 /* PBXContainerItemProxy */;
		};
		31AEFF7D2647A00B0054EEC5 /* PBXTargetDependency */ = {
			isa = PBXTargetDependency;
			target = 31AEFF5E2647A0070054EEC5 /* WeatherForecast */;
			targetProxy = 31AEFF7C2647A00B0054EEC5 /* PBXContainerItemProxy */;
		};
/* End PBXTargetDependency section */

/* Begin XCBuildConfiguration section */
		31AEFF822647A00B0054EEC5 /* Debug */ = {
			isa = XCBuildConfiguration;
			buildSettings = {
				ALWAYS_SEARCH_USER_PATHS = NO;
				CLANG_ANALYZER_NONNULL = YES;
				CLANG_ANALYZER_NUMBER_OBJECT_CONVERSION = YES_AGGRESSIVE;
				CLANG_CXX_LANGUAGE_STANDARD = "gnu++14";
				CLANG_CXX_LIBRARY = "libc++";
				CLANG_ENABLE_MODULES = YES;
				CLANG_ENABLE_OBJC_ARC = YES;
				CLANG_ENABLE_OBJC_WEAK = YES;
				CLANG_WARN_BLOCK_CAPTURE_AUTORELEASING = YES;
				CLANG_WARN_BOOL_CONVERSION = YES;
				CLANG_WARN_COMMA = YES;
				CLANG_WARN_CONSTANT_CONVERSION = YES;
				CLANG_WARN_DEPRECATED_OBJC_IMPLEMENTATIONS = YES;
				CLANG_WARN_DIRECT_OBJC_ISA_USAGE = YES_ERROR;
				CLANG_WARN_DOCUMENTATION_COMMENTS = YES;
				CLANG_WARN_EMPTY_BODY = YES;
				CLANG_WARN_ENUM_CONVERSION = YES;
				CLANG_WARN_INFINITE_RECURSION = YES;
				CLANG_WARN_INT_CONVERSION = YES;
				CLANG_WARN_NON_LITERAL_NULL_CONVERSION = YES;
				CLANG_WARN_OBJC_IMPLICIT_RETAIN_SELF = YES;
				CLANG_WARN_OBJC_LITERAL_CONVERSION = YES;
				CLANG_WARN_OBJC_ROOT_CLASS = YES_ERROR;
				CLANG_WARN_QUOTED_INCLUDE_IN_FRAMEWORK_HEADER = YES;
				CLANG_WARN_RANGE_LOOP_ANALYSIS = YES;
				CLANG_WARN_STRICT_PROTOTYPES = YES;
				CLANG_WARN_SUSPICIOUS_MOVE = YES;
				CLANG_WARN_UNGUARDED_AVAILABILITY = YES_AGGRESSIVE;
				CLANG_WARN_UNREACHABLE_CODE = YES;
				CLANG_WARN__DUPLICATE_METHOD_MATCH = YES;
				COPY_PHASE_STRIP = NO;
				DEBUG_INFORMATION_FORMAT = dwarf;
				ENABLE_STRICT_OBJC_MSGSEND = YES;
				ENABLE_TESTABILITY = YES;
				GCC_C_LANGUAGE_STANDARD = gnu11;
				GCC_DYNAMIC_NO_PIC = NO;
				GCC_NO_COMMON_BLOCKS = YES;
				GCC_OPTIMIZATION_LEVEL = 0;
				GCC_PREPROCESSOR_DEFINITIONS = (
					"DEBUG=1",
					"$(inherited)",
				);
				GCC_WARN_64_TO_32_BIT_CONVERSION = YES;
				GCC_WARN_ABOUT_RETURN_TYPE = YES_ERROR;
				GCC_WARN_UNDECLARED_SELECTOR = YES;
				GCC_WARN_UNINITIALIZED_AUTOS = YES_AGGRESSIVE;
				GCC_WARN_UNUSED_FUNCTION = YES;
				GCC_WARN_UNUSED_VARIABLE = YES;
				IPHONEOS_DEPLOYMENT_TARGET = 14.5;
				MTL_ENABLE_DEBUG_INFO = INCLUDE_SOURCE;
				MTL_FAST_MATH = YES;
				ONLY_ACTIVE_ARCH = YES;
				SDKROOT = iphoneos;
				SWIFT_ACTIVE_COMPILATION_CONDITIONS = DEBUG;
				SWIFT_OPTIMIZATION_LEVEL = "-Onone";
			};
			name = Debug;
		};
		31AEFF832647A00B0054EEC5 /* Release */ = {
			isa = XCBuildConfiguration;
			buildSettings = {
				ALWAYS_SEARCH_USER_PATHS = NO;
				CLANG_ANALYZER_NONNULL = YES;
				CLANG_ANALYZER_NUMBER_OBJECT_CONVERSION = YES_AGGRESSIVE;
				CLANG_CXX_LANGUAGE_STANDARD = "gnu++14";
				CLANG_CXX_LIBRARY = "libc++";
				CLANG_ENABLE_MODULES = YES;
				CLANG_ENABLE_OBJC_ARC = YES;
				CLANG_ENABLE_OBJC_WEAK = YES;
				CLANG_WARN_BLOCK_CAPTURE_AUTORELEASING = YES;
				CLANG_WARN_BOOL_CONVERSION = YES;
				CLANG_WARN_COMMA = YES;
				CLANG_WARN_CONSTANT_CONVERSION = YES;
				CLANG_WARN_DEPRECATED_OBJC_IMPLEMENTATIONS = YES;
				CLANG_WARN_DIRECT_OBJC_ISA_USAGE = YES_ERROR;
				CLANG_WARN_DOCUMENTATION_COMMENTS = YES;
				CLANG_WARN_EMPTY_BODY = YES;
				CLANG_WARN_ENUM_CONVERSION = YES;
				CLANG_WARN_INFINITE_RECURSION = YES;
				CLANG_WARN_INT_CONVERSION = YES;
				CLANG_WARN_NON_LITERAL_NULL_CONVERSION = YES;
				CLANG_WARN_OBJC_IMPLICIT_RETAIN_SELF = YES;
				CLANG_WARN_OBJC_LITERAL_CONVERSION = YES;
				CLANG_WARN_OBJC_ROOT_CLASS = YES_ERROR;
				CLANG_WARN_QUOTED_INCLUDE_IN_FRAMEWORK_HEADER = YES;
				CLANG_WARN_RANGE_LOOP_ANALYSIS = YES;
				CLANG_WARN_STRICT_PROTOTYPES = YES;
				CLANG_WARN_SUSPICIOUS_MOVE = YES;
				CLANG_WARN_UNGUARDED_AVAILABILITY = YES_AGGRESSIVE;
				CLANG_WARN_UNREACHABLE_CODE = YES;
				CLANG_WARN__DUPLICATE_METHOD_MATCH = YES;
				COPY_PHASE_STRIP = NO;
				DEBUG_INFORMATION_FORMAT = "dwarf-with-dsym";
				ENABLE_NS_ASSERTIONS = NO;
				ENABLE_STRICT_OBJC_MSGSEND = YES;
				GCC_C_LANGUAGE_STANDARD = gnu11;
				GCC_NO_COMMON_BLOCKS = YES;
				GCC_WARN_64_TO_32_BIT_CONVERSION = YES;
				GCC_WARN_ABOUT_RETURN_TYPE = YES_ERROR;
				GCC_WARN_UNDECLARED_SELECTOR = YES;
				GCC_WARN_UNINITIALIZED_AUTOS = YES_AGGRESSIVE;
				GCC_WARN_UNUSED_FUNCTION = YES;
				GCC_WARN_UNUSED_VARIABLE = YES;
				IPHONEOS_DEPLOYMENT_TARGET = 14.5;
				MTL_ENABLE_DEBUG_INFO = NO;
				MTL_FAST_MATH = YES;
				SDKROOT = iphoneos;
				SWIFT_COMPILATION_MODE = wholemodule;
				SWIFT_OPTIMIZATION_LEVEL = "-O";
				VALIDATE_PRODUCT = YES;
			};
			name = Release;
		};
		31AEFF852647A00B0054EEC5 /* Debug */ = {
			isa = XCBuildConfiguration;
			buildSettings = {
				ASSETCATALOG_COMPILER_APPICON_NAME = AppIcon;
				ASSETCATALOG_COMPILER_GLOBAL_ACCENT_COLOR_NAME = AccentColor;
				CODE_SIGN_STYLE = Automatic;
				DEVELOPMENT_ASSET_PATHS = "\"WeatherForecast/Preview Content\"";
				DEVELOPMENT_TEAM = 7DY6Z945T9;
				ENABLE_PREVIEWS = YES;
				INFOPLIST_FILE = WeatherForecast/Support/Info.plist;
				IPHONEOS_DEPLOYMENT_TARGET = 14.0;
				LD_RUNPATH_SEARCH_PATHS = (
					"$(inherited)",
					"@executable_path/Frameworks",
				);
				PRODUCT_BUNDLE_IDENTIFIER = klioop.WeatherForecast;
				PRODUCT_NAME = "$(TARGET_NAME)";
				SWIFT_VERSION = 5.0;
				TARGETED_DEVICE_FAMILY = "1,2";
			};
			name = Debug;
		};
		31AEFF862647A00B0054EEC5 /* Release */ = {
			isa = XCBuildConfiguration;
			buildSettings = {
				ASSETCATALOG_COMPILER_APPICON_NAME = AppIcon;
				ASSETCATALOG_COMPILER_GLOBAL_ACCENT_COLOR_NAME = AccentColor;
				CODE_SIGN_STYLE = Automatic;
				DEVELOPMENT_ASSET_PATHS = "\"WeatherForecast/Preview Content\"";
				DEVELOPMENT_TEAM = 7DY6Z945T9;
				ENABLE_PREVIEWS = YES;
				INFOPLIST_FILE = WeatherForecast/Support/Info.plist;
				IPHONEOS_DEPLOYMENT_TARGET = 14.0;
				LD_RUNPATH_SEARCH_PATHS = (
					"$(inherited)",
					"@executable_path/Frameworks",
				);
				PRODUCT_BUNDLE_IDENTIFIER = klioop.WeatherForecast;
				PRODUCT_NAME = "$(TARGET_NAME)";
				SWIFT_VERSION = 5.0;
				TARGETED_DEVICE_FAMILY = "1,2";
			};
			name = Release;
		};
		31AEFF882647A00B0054EEC5 /* Debug */ = {
			isa = XCBuildConfiguration;
			buildSettings = {
				ALWAYS_EMBED_SWIFT_STANDARD_LIBRARIES = YES;
				BUNDLE_LOADER = "$(TEST_HOST)";
				CODE_SIGN_STYLE = Automatic;
				DEVELOPMENT_TEAM = 7DY6Z945T9;
				INFOPLIST_FILE = WeatherForecastTests/Info.plist;
				IPHONEOS_DEPLOYMENT_TARGET = 14.0;
				LD_RUNPATH_SEARCH_PATHS = (
					"$(inherited)",
					"@executable_path/Frameworks",
					"@loader_path/Frameworks",
				);
				PRODUCT_BUNDLE_IDENTIFIER = klioop.WeatherForecastTests;
				PRODUCT_NAME = "$(TARGET_NAME)";
				SWIFT_VERSION = 5.0;
				TARGETED_DEVICE_FAMILY = "1,2";
				TEST_HOST = "$(BUILT_PRODUCTS_DIR)/WeatherForecast.app/WeatherForecast";
			};
			name = Debug;
		};
		31AEFF892647A00B0054EEC5 /* Release */ = {
			isa = XCBuildConfiguration;
			buildSettings = {
				ALWAYS_EMBED_SWIFT_STANDARD_LIBRARIES = YES;
				BUNDLE_LOADER = "$(TEST_HOST)";
				CODE_SIGN_STYLE = Automatic;
				DEVELOPMENT_TEAM = 7DY6Z945T9;
				INFOPLIST_FILE = WeatherForecastTests/Info.plist;
				IPHONEOS_DEPLOYMENT_TARGET = 14.0;
				LD_RUNPATH_SEARCH_PATHS = (
					"$(inherited)",
					"@executable_path/Frameworks",
					"@loader_path/Frameworks",
				);
				PRODUCT_BUNDLE_IDENTIFIER = klioop.WeatherForecastTests;
				PRODUCT_NAME = "$(TARGET_NAME)";
				SWIFT_VERSION = 5.0;
				TARGETED_DEVICE_FAMILY = "1,2";
				TEST_HOST = "$(BUILT_PRODUCTS_DIR)/WeatherForecast.app/WeatherForecast";
			};
			name = Release;
		};
		31AEFF8B2647A00B0054EEC5 /* Debug */ = {
			isa = XCBuildConfiguration;
			buildSettings = {
				ALWAYS_EMBED_SWIFT_STANDARD_LIBRARIES = YES;
				CODE_SIGN_STYLE = Automatic;
				DEVELOPMENT_TEAM = 7DY6Z945T9;
				INFOPLIST_FILE = WeatherForecastUITests/Info.plist;
				LD_RUNPATH_SEARCH_PATHS = (
					"$(inherited)",
					"@executable_path/Frameworks",
					"@loader_path/Frameworks",
				);
				PRODUCT_BUNDLE_IDENTIFIER = klioop.WeatherForecastUITests;
				PRODUCT_NAME = "$(TARGET_NAME)";
				SWIFT_VERSION = 5.0;
				TARGETED_DEVICE_FAMILY = "1,2";
				TEST_TARGET_NAME = WeatherForecast;
			};
			name = Debug;
		};
		31AEFF8C2647A00B0054EEC5 /* Release */ = {
			isa = XCBuildConfiguration;
			buildSettings = {
				ALWAYS_EMBED_SWIFT_STANDARD_LIBRARIES = YES;
				CODE_SIGN_STYLE = Automatic;
				DEVELOPMENT_TEAM = 7DY6Z945T9;
				INFOPLIST_FILE = WeatherForecastUITests/Info.plist;
				LD_RUNPATH_SEARCH_PATHS = (
					"$(inherited)",
					"@executable_path/Frameworks",
					"@loader_path/Frameworks",
				);
				PRODUCT_BUNDLE_IDENTIFIER = klioop.WeatherForecastUITests;
				PRODUCT_NAME = "$(TARGET_NAME)";
				SWIFT_VERSION = 5.0;
				TARGETED_DEVICE_FAMILY = "1,2";
				TEST_TARGET_NAME = WeatherForecast;
			};
			name = Release;
		};
/* End XCBuildConfiguration section */

/* Begin XCConfigurationList section */
		31AEFF5A2647A0070054EEC5 /* Build configuration list for PBXProject "WeatherForecast" */ = {
			isa = XCConfigurationList;
			buildConfigurations = (
				31AEFF822647A00B0054EEC5 /* Debug */,
				31AEFF832647A00B0054EEC5 /* Release */,
			);
			defaultConfigurationIsVisible = 0;
			defaultConfigurationName = Release;
		};
		31AEFF842647A00B0054EEC5 /* Build configuration list for PBXNativeTarget "WeatherForecast" */ = {
			isa = XCConfigurationList;
			buildConfigurations = (
				31AEFF852647A00B0054EEC5 /* Debug */,
				31AEFF862647A00B0054EEC5 /* Release */,
			);
			defaultConfigurationIsVisible = 0;
			defaultConfigurationName = Release;
		};
		31AEFF872647A00B0054EEC5 /* Build configuration list for PBXNativeTarget "WeatherForecastTests" */ = {
			isa = XCConfigurationList;
			buildConfigurations = (
				31AEFF882647A00B0054EEC5 /* Debug */,
				31AEFF892647A00B0054EEC5 /* Release */,
			);
			defaultConfigurationIsVisible = 0;
			defaultConfigurationName = Release;
		};
		31AEFF8A2647A00B0054EEC5 /* Build configuration list for PBXNativeTarget "WeatherForecastUITests" */ = {
			isa = XCConfigurationList;
			buildConfigurations = (
				31AEFF8B2647A00B0054EEC5 /* Debug */,
				31AEFF8C2647A00B0054EEC5 /* Release */,
			);
			defaultConfigurationIsVisible = 0;
			defaultConfigurationName = Release;
		};
/* End XCConfigurationList section */
	};
	rootObject = 31AEFF572647A0070054EEC5 /* Project object */;
}
